# THIS IS AN AUTOGENERATED FILE. DO NOT EDIT THIS FILE DIRECTLY.
# yarn lockfile v1


"@chainlink/contracts@^0.3.1":
  "integrity" "sha512-A8DRvmfNCwLS1iduPPj7wNAZJMe9/ZimMhoHhbbBiq+7Vq/HFjiNcdoQ5NinFdXD5aTsoNUGG5pAYKj7YMpm9A=="
  "resolved" "https://registry.npmjs.org/@chainlink/contracts/-/contracts-0.3.1.tgz"
  "version" "0.3.1"

"@multiformats/base-x@^4.0.1":
  "integrity" "sha512-eMk0b9ReBbV23xXU693TAIrLyeO5iTgBZGSJfpqriG8UkYvr/hC9u9pyMlAakDNHWmbhMZCDs6KQO0jzKD8OTw=="
  "resolved" "https://registry.npmjs.org/@multiformats/base-x/-/base-x-4.0.1.tgz"
  "version" "4.0.1"

"@openzeppelin/contracts@^4.4.2":
  "integrity" "sha512-NyJV7sJgoGYqbtNUWgzzOGW4T6rR19FmX1IJgXGdapGPWsuMelGJn9h03nos0iqfforCbCB0iYIR0MtIuIFLLw=="
  "resolved" "https://registry.npmjs.org/@openzeppelin/contracts/-/contracts-4.4.2.tgz"
  "version" "4.4.2"

"@pinata/ipfs-gateway-tools@^1.2.0":
  "integrity" "sha512-cC7c5BtqyU7UOejocEBoaMlQMlBDvWhriGF/aauHKORc/Yo8d97RY1QvtAe+/v+i4w04CPGOln87EViXk6AjtA=="
  "resolved" "https://registry.npmjs.org/@pinata/ipfs-gateway-tools/-/ipfs-gateway-tools-1.2.0.tgz"
  "version" "1.2.0"
  dependencies:
    "is-ipfs" "^5.0.0"

"cids@^1.0.0", "cids@^1.1.6":
  "integrity" "sha512-l11hWRfugIcbGuTZwAM5PwpjPPjyb6UZOGwlHSnOBV5o07XhQ4gNpBN67FbODvpjyHtd+0Xs6KNvUcGBiDRsdg=="
  "resolved" "https://registry.npmjs.org/cids/-/cids-1.1.9.tgz"
  "version" "1.1.9"
  dependencies:
    "multibase" "^4.0.1"
    "multicodec" "^3.0.1"
    "multihashes" "^4.0.1"
    "uint8arrays" "^3.0.0"

"data-uri-to-buffer@^4.0.0":
  "integrity" "sha512-Vr3mLBA8qWmcuschSLAOogKgQ/Jwxulv3RNE4FXnYWRGujzrRWQI4m12fQqRkwX06C0KanhLr4hK+GydchZsaA=="
  "resolved" "https://registry.npmjs.org/data-uri-to-buffer/-/data-uri-to-buffer-4.0.0.tgz"
  "version" "4.0.0"

"debug@^4.3.1":
  "integrity" "sha512-/zxw5+vh1Tfv+4Qn7a5nsbcJKPaSvCDhojn6FEl9vupwK2VCSDtEiEtqr8DFtzYFOdz63LBkxec7DYuc2jon6Q=="
  "resolved" "https://registry.npmjs.org/debug/-/debug-4.3.3.tgz"
  "version" "4.3.3"
  dependencies:
    "ms" "2.1.2"

"dns-over-http-resolver@^1.0.0":
  "integrity" "sha512-miDiVSI6KSNbi4SVifzO/reD8rMnxgrlnkrlkugOLQpWQTe2qMdHsZp5DmfKjxNE+/T3VAAYLQUZMv9SMr6+AA=="
  "resolved" "https://registry.npmjs.org/dns-over-http-resolver/-/dns-over-http-resolver-1.2.3.tgz"
  "version" "1.2.3"
  dependencies:
    "debug" "^4.3.1"
    "native-fetch" "^3.0.0"
    "receptacle" "^1.3.2"

"err-code@^3.0.1":
  "integrity" "sha512-GiaH0KJUewYok+eeY05IIgjtAe4Yltygk9Wqp1V5yVWLdhf0hYZchRjNIT9bb0mSwRcIusT3cx7PJUf3zEIfUA=="
  "resolved" "https://registry.npmjs.org/err-code/-/err-code-3.0.1.tgz"
  "version" "3.0.1"

"fetch-blob@^3.1.2", "fetch-blob@^3.1.4":
  "integrity" "sha512-Eq5Xv5+VlSrYWEqKrusxY1C3Hm/hjeAsCGVG3ft7pZahlUAChpGZT/Ms1WmSLnEAisEXszjzu/s+ce6HZB2VHA=="
  "resolved" "https://registry.npmjs.org/fetch-blob/-/fetch-blob-3.1.4.tgz"
  "version" "3.1.4"
  dependencies:
    "node-domexception" "^1.0.0"
    "web-streams-polyfill" "^3.0.3"

"formdata-polyfill@^4.0.10":
  "integrity" "sha512-buewHzMvYL29jdeQTVILecSaZKnt/RJWjoZCF5OW60Z67/GmSLBkOFM7qh1PI3zFNtJbaZL5eQu1vLfazOwj4g=="
  "resolved" "https://registry.npmjs.org/formdata-polyfill/-/formdata-polyfill-4.0.10.tgz"
  "version" "4.0.10"
  dependencies:
    "fetch-blob" "^3.1.2"

"ip-regex@^4.0.0":
  "integrity" "sha512-B9ZWJxHHOHUhUjCPrMpLD4xEq35bUTClHM1S6CBU5ixQnkZmwipwgc96vAd7AAGM9TGHvJR+Uss+/Ak6UphK+Q=="
  "resolved" "https://registry.npmjs.org/ip-regex/-/ip-regex-4.3.0.tgz"
  "version" "4.3.0"

"is-ip@^3.1.0":
  "integrity" "sha512-35vd5necO7IitFPjd/YBeqwWnyDWbuLH9ZXQdMfDA8TEo7pv5X8yfrvVO3xbJbLUlERCMvf6X0hTUamQxCYJ9Q=="
  "resolved" "https://registry.npmjs.org/is-ip/-/is-ip-3.1.0.tgz"
  "version" "3.1.0"
  dependencies:
    "ip-regex" "^4.0.0"

"is-ipfs@^5.0.0":
  "integrity" "sha512-mDH7JWGLMAtDAtPtgzdAxk1YZzk88pLmhqo2f0EfgHrIOZb4xfkczBCjk4N+ibnX+QYTxHol9i3tBTOj+g+OUQ=="
  "resolved" "https://registry.npmjs.org/is-ipfs/-/is-ipfs-5.0.0.tgz"
  "version" "5.0.0"
  dependencies:
    "cids" "^1.1.6"
    "iso-url" "^1.1.3"
    "mafmt" "^9.0.0"
    "multiaddr" "^9.0.1"
    "multibase" "^4.0.2"
    "multihashes" "^4.0.2"
    "uint8arrays" "^2.1.3"

"iso-url@^1.1.3":
  "integrity" "sha512-9JPDgCN4B7QPkLtYAAOrEuAWvP9rWvR5offAr0/SeF046wIkglqH3VXgYYP6NcsKslH80UIVgmPqNe3j7tG2ng=="
  "resolved" "https://registry.npmjs.org/iso-url/-/iso-url-1.2.1.tgz"
  "version" "1.2.1"

"mafmt@^9.0.0":
  "integrity" "sha512-BwKL6FJxc6R85K6gFE/pX7MVyCp0NkM2DJHg0RatxVgDlK4g9kqtfXQUt2iReSmTcgZss/Q/Bdfa2KTg4KyC+g=="
  "resolved" "https://registry.npmjs.org/mafmt/-/mafmt-9.0.0.tgz"
  "version" "9.0.0"
  dependencies:
    "multiaddr" "^9.0.1"

"ms@^2.1.1", "ms@2.1.2":
  "integrity" "sha512-sGkPx+VjMtmA6MX27oA4FBFELFCZZ4S4XqeGOXCv68tT+jb3vk/RyaKWP0PTKyWtmLSM0b+adUTEvbs1PEaH2w=="
  "resolved" "https://registry.npmjs.org/ms/-/ms-2.1.2.tgz"
  "version" "2.1.2"

"multiaddr@^9.0.1":
  "integrity" "sha512-YFaEb9t4yXSbaGksSEdg+Kn2U02s7w4wXUgyEMQmPxFJj7CfVHY10WOsScAX/rK6Soa15S1zXYadqH9TtlVreQ=="
  "resolved" "https://registry.npmjs.org/multiaddr/-/multiaddr-9.0.2.tgz"
  "version" "9.0.2"
  dependencies:
    "cids" "^1.0.0"
    "dns-over-http-resolver" "^1.0.0"
    "err-code" "^3.0.1"
    "is-ip" "^3.1.0"
    "multibase" "^4.0.2"
    "uint8arrays" "^2.1.3"
    "varint" "^6.0.0"

"multibase@^4.0.1", "multibase@^4.0.2":
  "integrity" "sha512-x23pDe5+svdLz/k5JPGCVdfn7Q5mZVMBETiC+ORfO+sor9Sgs0smJzAjfTbM5tckeCqnaUuMYoz+k3RXMmJClQ=="
  "resolved" "https://registry.npmjs.org/multibase/-/multibase-4.0.6.tgz"
  "version" "4.0.6"
  dependencies:
    "@multiformats/base-x" "^4.0.1"

"multicodec@^3.0.1":
  "integrity" "sha512-+expTPftro8VAW8kfvcuNNNBgb9gPeNYV9dn+z1kJRWF2vih+/S79f2RVeIwmrJBUJ6NT9IUPWnZDQvegEh5pw=="
  "resolved" "https://registry.npmjs.org/multicodec/-/multicodec-3.2.1.tgz"
  "version" "3.2.1"
  dependencies:
    "uint8arrays" "^3.0.0"
    "varint" "^6.0.0"

"multiformats@^9.4.2":
  "integrity" "sha512-fCCB6XMrr6CqJiHNjfFNGT0v//dxOBMrOMqUIzpPc/mmITweLEyhvMpY9bF+jZ9z3vaMAau5E8B68DW77QMXkg=="
  "resolved" "https://registry.npmjs.org/multiformats/-/multiformats-9.6.4.tgz"
  "version" "9.6.4"

"multihashes@^4.0.1", "multihashes@^4.0.2":
  "integrity" "sha512-0AhMH7Iu95XjDLxIeuCOOE4t9+vQZsACyKZ9Fxw2pcsRmlX4iCn1mby0hS0bb+nQOVpdQYWPpnyusw4da5RPhA=="
  "resolved" "https://registry.npmjs.org/multihashes/-/multihashes-4.0.3.tgz"
  "version" "4.0.3"
  dependencies:
    "multibase" "^4.0.1"
    "uint8arrays" "^3.0.0"
    "varint" "^5.0.2"

"native-fetch@^3.0.0":
  "integrity" "sha512-G3Z7vx0IFb/FQ4JxvtqGABsOTIqRWvgQz6e+erkB+JJD6LrszQtMozEHI4EkmgZQvnGHrpLVzUWk7t4sJCIkVw=="
  "resolved" "https://registry.npmjs.org/native-fetch/-/native-fetch-3.0.0.tgz"
  "version" "3.0.0"

"node-domexception@^1.0.0":
  "integrity" "sha512-/jKZoMpw0F8GRwl4/eLROPA3cfcXtLApP0QzLmUT/HuPCZWyB7IY9ZrMeKw2O/nFIqPQB3PVM9aYm0F312AXDQ=="
  "resolved" "https://registry.npmjs.org/node-domexception/-/node-domexception-1.0.0.tgz"
  "version" "1.0.0"

"node-fetch@*":
  "integrity" "sha512-8xeimMwMItMw8hRrOl3C9/xzU49HV/yE6ORew/l+dxWimO5A4Ra8ld2rerlJvc/O7et5Z1zrWsPX43v1QBjCxw=="
  "resolved" "https://registry.npmjs.org/node-fetch/-/node-fetch-3.2.0.tgz"
  "version" "3.2.0"
  dependencies:
    "data-uri-to-buffer" "^4.0.0"
    "fetch-blob" "^3.1.4"
    "formdata-polyfill" "^4.0.10"

"receptacle@^1.3.2":
  "integrity" "sha512-HrsFvqZZheusncQRiEE7GatOAETrARKV/lnfYicIm8lbvp/JQOdADOfhjBd2DajvoszEyxSM6RlAAIZgEoeu/A=="
  "resolved" "https://registry.npmjs.org/receptacle/-/receptacle-1.3.2.tgz"
  "version" "1.3.2"
  dependencies:
    "ms" "^2.1.1"

"uint8arrays@^2.1.3":
  "integrity" "sha512-Q9/hhJa2836nQfEJSZTmr+pg9+cDJS9XEAp7N2Vg5MzL3bK/mkMVfjscRGYruP9jNda6MAdf4QD/y78gSzkp6A=="
  "resolved" "https://registry.npmjs.org/uint8arrays/-/uint8arrays-2.1.10.tgz"
  "version" "2.1.10"
  dependencies:
    "multiformats" "^9.4.2"

"uint8arrays@^3.0.0":
  "integrity" "sha512-HRCx0q6O9Bfbp+HHSfQQKD7wU70+lydKVt4EghkdOvlK/NlrF90z+eXV34mUd48rNvVJXwkrMSPpCATkct8fJA=="
  "resolved" "https://registry.npmjs.org/uint8arrays/-/uint8arrays-3.0.0.tgz"
  "version" "3.0.0"
  dependencies:
    "multiformats" "^9.4.2"

"varint@^5.0.2":
  "integrity" "sha512-lKxKYG6H03yCZUpAGOPOsMcGxd1RHCu1iKvEHYDPmTyq2HueGhD73ssNBqqQWfvYs04G9iUFRvmAVLW20Jw6ow=="
  "resolved" "https://registry.npmjs.org/varint/-/varint-5.0.2.tgz"
  "version" "5.0.2"

"varint@^6.0.0":
  "integrity" "sha512-cXEIW6cfr15lFv563k4GuVuW/fiwjknytD37jIOLSdSWuOI6WnO/oKwmP2FQTU2l01LP8/M5TSAJpzUaGe3uWg=="
  "resolved" "https://registry.npmjs.org/varint/-/varint-6.0.0.tgz"
  "version" "6.0.0"

"web-streams-polyfill@^3.0.3":
  "integrity" "sha512-EqPmREeOzttaLRm5HS7io98goBgZ7IVz79aDvqjD0kYXLtFZTc0T/U6wHTPKyIjb+MdN7DFIIX6hgdBEpWmfPA=="
  "resolved" "https://registry.npmjs.org/web-streams-polyfill/-/web-streams-polyfill-3.2.0.tgz"
  "version" "3.2.0"
